
Microsoft Visual Studio Solution File, Format Version 12.00
# Visual Studio Version 17
VisualStudioVersion = 17.14.36623.8 d17.14
MinimumVisualStudioVersion = 10.0.40219.1
Project("{FAE04EC0-301F-11D3-BF4B-00C04F79EFBC}") = "Ornek1", "Ornek1\Ornek1.csproj", "{3F9D322C-D2EB-46EE-AB29-1593C9284ECD}"
EndProject
Project("{FAE04EC0-301F-11D3-BF4B-00C04F79EFBC}") = "Ornek2", "Ornek2\Ornek2.csproj", "{FBA071C2-2B33-4334-9201-32588DF35DA7}"
EndProject
Global
	GlobalSection(SolutionConfigurationPlatforms) = preSolution
		Debug|Any CPU = Debug|Any CPU
		Release|Any CPU = Release|Any CPU
	EndGlobalSection
	GlobalSection(ProjectConfigurationPlatforms) = postSolution
		{3F9D322C-D2EB-46EE-AB29-1593C9284ECD}.Debug|Any CPU.ActiveCfg = Debug|Any CPU
		{3F9D322C-D2EB-46EE-AB29-1593C9284ECD}.Debug|Any CPU.Build.0 = Debug|Any CPU
		{3F9D322C-D2EB-46EE-AB29-1593C9284ECD}.Release|Any CPU.ActiveCfg = Release|Any CPU
		{3F9D322C-D2EB-46EE-AB29-1593C9284ECD}.Release|Any CPU.Build.0 = Release|Any CPU
		{FBA071C2-2B33-4334-9201-32588DF35DA7}.Debug|Any CPU.ActiveCfg = Debug|Any CPU
		{FBA071C2-2B33-4334-9201-32588DF35DA7}.Debug|Any CPU.Build.0 = Debug|Any CPU
		{FBA071C2-2B33-4334-9201-32588DF35DA7}.Release|Any CPU.ActiveCfg = Release|Any CPU
		{FBA071C2-2B33-4334-9201-32588DF35DA7}.Release|Any CPU.Build.0 = Release|Any CPU
	EndGlobalSection
	GlobalSection(SolutionProperties) = preSolution
		HideSolutionNode = FALSE
	EndGlobalSection
	GlobalSection(ExtensibilityGlobals) = postSolution
		SolutionGuid = {365B4434-A298-428A-AC79-FBED3D1BF4B5}
	EndGlobalSection
EndGlobal
