
Microsoft Visual Studio Solution File, Format Version 12.00
# Visual Studio Version 17
VisualStudioVersion = 17.14.36623.8 d17.14
MinimumVisualStudioVersion = 10.0.40219.1
Project("{FAE04EC0-301F-11D3-BF4B-00C04F79EFBC}") = "ProjeOdev", "ProjeOdev\ProjeOdev.csproj", "{BC150055-4E1B-418B-BEB7-28136F5A8862}"
EndProject
Global
	GlobalSection(SolutionConfigurationPlatforms) = preSolution
		Debug|Any CPU = Debug|Any CPU
		Release|Any CPU = Release|Any CPU
	EndGlobalSection
	GlobalSection(ProjectConfigurationPlatforms) = postSolution
		{BC150055-4E1B-418B-BEB7-28136F5A8862}.Debug|Any CPU.ActiveCfg = Debug|Any CPU
		{BC150055-4E1B-418B-BEB7-28136F5A8862}.Debug|Any CPU.Build.0 = Debug|Any CPU
		{BC150055-4E1B-418B-BEB7-28136F5A8862}.Release|Any CPU.ActiveCfg = Release|Any CPU
		{BC150055-4E1B-418B-BEB7-28136F5A8862}.Release|Any CPU.Build.0 = Release|Any CPU
	EndGlobalSection
	GlobalSection(SolutionProperties) = preSolution
		HideSolutionNode = FALSE
	EndGlobalSection
	GlobalSection(ExtensibilityGlobals) = postSolution
		SolutionGuid = {111AD00A-EC7F-4D9A-AD2D-B3822317FC8B}
	EndGlobalSection
EndGlobal
